
Microsoft Visual Studio Solution File, Format Version 12.00
# Visual Studio Version 17
VisualStudioVersion = 17.8.34525.116
MinimumVisualStudioVersion = 10.0.40219.1
Project("{FAE04EC0-301F-11D3-BF4B-00C04F79EFBC}") = "Hangman", "Hangman\Hangman.csproj", "{2809DC8C-8939-4231-817C-32E766260CFB}"
EndProject
Global
	GlobalSection(SolutionConfigurationPlatforms) = preSolution
		Debug|Any CPU = Debug|Any CPU
		Release|Any CPU = Release|Any CPU
	EndGlobalSection
	GlobalSection(ProjectConfigurationPlatforms) = postSolution
		{2809DC8C-8939-4231-817C-32E766260CFB}.Debug|Any CPU.ActiveCfg = Debug|Any CPU
		{2809DC8C-8939-4231-817C-32E766260CFB}.Debug|Any CPU.Build.0 = Debug|Any CPU
		{2809DC8C-8939-4231-817C-32E766260CFB}.Release|Any CPU.ActiveCfg = Release|Any CPU
		{2809DC8C-8939-4231-817C-32E766260CFB}.Release|Any CPU.Build.0 = Release|Any CPU
	EndGlobalSection
	GlobalSection(SolutionProperties) = preSolution
		HideSolutionNode = FALSE
	EndGlobalSection
	GlobalSection(ExtensibilityGlobals) = postSolution
		SolutionGuid = {145FDE06-AA5D-47D7-8B45-FBE53E6AAE9E}
	EndGlobalSection
EndGlobal
